
Microsoft Visual Studio Solution File, Format Version 12.00
# Visual Studio Version 17
VisualStudioVersion = 17.5.2.0
MinimumVisualStudioVersion = 10.0.40219.1
Project("{FAE04EC0-301F-11D3-BF4B-00C04F79EFBC}") = "warkbench", "warkbench.csproj", "{F8829733-84A8-7882-341F-AC678441D1EC}"
EndProject
Project("{FAE04EC0-301F-11D3-BF4B-00C04F79EFBC}") = "warkbench.viewport", "warkbench.viewport\warkbench.viewport.csproj", "{7DCE4D45-A503-46F2-9F03-F1F732E9FD93}"
EndProject
Project("{FAE04EC0-301F-11D3-BF4B-00C04F79EFBC}") = "warkbench.core", "warkbench.core\warkbench.core.csproj", "{594FD602-4BE8-47F3-AAAD-004CBC1255A3}"
EndProject
Project("{FAE04EC0-301F-11D3-BF4B-00C04F79EFBC}") = "warkbench.interfaces", "src\basis\warkbench.interfaces\warkbench.interfaces.csproj", "{ABD21A51-36FA-4C26-B02E-4F4EEAEBFA9F}"
EndProject
Project("{FAE04EC0-301F-11D3-BF4B-00C04F79EFBC}") = "warkbench.core", "src\basis\warkbench.core\warkbench.core.csproj", "{D780F2F7-DD53-4C6D-9FE8-CBAB39E13075}"
EndProject
Global
	GlobalSection(SolutionConfigurationPlatforms) = preSolution
		Debug|Any CPU = Debug|Any CPU
		Release|Any CPU = Release|Any CPU
	EndGlobalSection
	GlobalSection(ProjectConfigurationPlatforms) = postSolution
		{F8829733-84A8-7882-341F-AC678441D1EC}.Debug|Any CPU.ActiveCfg = Debug|Any CPU
		{F8829733-84A8-7882-341F-AC678441D1EC}.Debug|Any CPU.Build.0 = Debug|Any CPU
		{F8829733-84A8-7882-341F-AC678441D1EC}.Release|Any CPU.ActiveCfg = Release|Any CPU
		{F8829733-84A8-7882-341F-AC678441D1EC}.Release|Any CPU.Build.0 = Release|Any CPU
		{7DCE4D45-A503-46F2-9F03-F1F732E9FD93}.Debug|Any CPU.ActiveCfg = Debug|Any CPU
		{7DCE4D45-A503-46F2-9F03-F1F732E9FD93}.Debug|Any CPU.Build.0 = Debug|Any CPU
		{7DCE4D45-A503-46F2-9F03-F1F732E9FD93}.Release|Any CPU.ActiveCfg = Release|Any CPU
		{7DCE4D45-A503-46F2-9F03-F1F732E9FD93}.Release|Any CPU.Build.0 = Release|Any CPU
		{594FD602-4BE8-47F3-AAAD-004CBC1255A3}.Debug|Any CPU.ActiveCfg = Debug|Any CPU
		{594FD602-4BE8-47F3-AAAD-004CBC1255A3}.Debug|Any CPU.Build.0 = Debug|Any CPU
		{594FD602-4BE8-47F3-AAAD-004CBC1255A3}.Release|Any CPU.ActiveCfg = Release|Any CPU
		{594FD602-4BE8-47F3-AAAD-004CBC1255A3}.Release|Any CPU.Build.0 = Release|Any CPU
		{ABD21A51-36FA-4C26-B02E-4F4EEAEBFA9F}.Debug|Any CPU.ActiveCfg = Debug|Any CPU
		{ABD21A51-36FA-4C26-B02E-4F4EEAEBFA9F}.Debug|Any CPU.Build.0 = Debug|Any CPU
		{ABD21A51-36FA-4C26-B02E-4F4EEAEBFA9F}.Release|Any CPU.ActiveCfg = Release|Any CPU
		{ABD21A51-36FA-4C26-B02E-4F4EEAEBFA9F}.Release|Any CPU.Build.0 = Release|Any CPU
		{D780F2F7-DD53-4C6D-9FE8-CBAB39E13075}.Debug|Any CPU.ActiveCfg = Debug|Any CPU
		{D780F2F7-DD53-4C6D-9FE8-CBAB39E13075}.Debug|Any CPU.Build.0 = Debug|Any CPU
		{D780F2F7-DD53-4C6D-9FE8-CBAB39E13075}.Release|Any CPU.ActiveCfg = Release|Any CPU
		{D780F2F7-DD53-4C6D-9FE8-CBAB39E13075}.Release|Any CPU.Build.0 = Release|Any CPU
	EndGlobalSection
	GlobalSection(SolutionProperties) = preSolution
		HideSolutionNode = FALSE
	EndGlobalSection
	GlobalSection(ExtensibilityGlobals) = postSolution
		SolutionGuid = {CDED0E4E-E2AE-4D64-AD6B-077D06AB2B18}
	EndGlobalSection
EndGlobal
